{
  "name": "views",
  "lockfileVersion": 3,
  "requires": true,
  "packages": {
    "": {
      "dependencies": {
        "php": "^1.2.0"
      }
    },
    "node_modules/php": {
      "version": "1.2.0",
      "resolved": "https://registry.npmjs.org/php/-/php-1.2.0.tgz",
      "integrity": "sha512-44AhZSMe+whGF2rv9R30+3hcimeT3dWx4pekc9Eed8LDbaR23cTBcDB9ZJipyhKXOK/RgBCYYuFaZuh+9l/jYA==",
      "license": "CC-BY-4.0",
      "engines": {
        "node": ">=20.0.0"
      },
      "funding": {
        "url": "https://www.paypal.com/donate/?hosted_button_id=2L2X8GRXZCGJ6"
      }
    }
  }
}
